{
  "name": "lineweights",
  "version": "0.0.0",
  "lockfileVersion": 3,
  "requires": true,
  "packages": {
    "": {
      "name": "lineweights",
      "version": "0.0.0",
      "dependencies": {
        "@fontsource/source-sans-pro": "^5.2.5",
        "bulma": "^1.0.4"
      }
    },
    "node_modules/@fontsource/source-sans-pro": {
      "version": "5.2.5",
      "resolved": "https://registry.npmjs.org/@fontsource/source-sans-pro/-/source-sans-pro-5.2.5.tgz",
      "integrity": "sha512-ypendqc4pYUc+EgF7qqPY9iVYEz1t/Qr03VojKxG/2g3dnpHa1B6DOlDxWQjQXDj5QrG6inEqGT0g+edjALZyg==",
      "license": "OFL-1.1"
    },
    "node_modules/bulma": {
      "version": "1.0.4",
      "resolved": "https://registry.npmjs.org/bulma/-/bulma-1.0.4.tgz",
      "integrity": "sha512-Ffb6YGXDiZYX3cqvSbHWqQ8+LkX6tVoTcZuVB3lm93sbAVXlO0D6QlOTMnV6g18gILpAXqkG2z9hf9z4hCjz2g==",
      "license": "MIT"
    }
  }
}
